// !$*UTF8*$!
{
	archiveVersion = 1;
	classes = {
	};
	objectVersion = 48;
	objects = {

/* Begin PBXBuildFile section */
		481DC8081FA9D67300E7A0D7 /* AppDelegate.swift in Sources */ = {isa = PBXBuildFile; fileRef = 481DC8071FA9D67300E7A0D7 /* AppDelegate.swift */; };
		481DC80A1FA9D67300E7A0D7 /* ViewController.swift in Sources */ = {isa = PBXBuildFile; fileRef = 481DC8091FA9D67300E7A0D7 /* ViewController.swift */; };
		481DC80D1FA9D67300E7A0D7 /* Main.storyboard in Resources */ = {isa = PBXBuildFile; fileRef = 481DC80B1FA9D67300E7A0D7 /* Main.storyboard */; };
		481DC80F1FA9D67300E7A0D7 /* Assets.xcassets in Resources */ = {isa = PBXBuildFile; fileRef = 481DC80E1FA9D67300E7A0D7 /* Assets.xcassets */; };
		481DC8121FA9D67300E7A0D7 /* LaunchScreen.storyboard in Resources */ = {isa = PBXBuildFile; fileRef = 481DC8101FA9D67300E7A0D7 /* LaunchScreen.storyboard */; };
		481DC81D1FA9D67300E7A0D7 /* iOSQuizTests.swift in Sources */ = {isa = PBXBuildFile; fileRef = 481DC81C1FA9D67300E7A0D7 /* iOSQuizTests.swift */; };
		481DC8281FA9D67400E7A0D7 /* iOSQuizUITests.swift in Sources */ = {isa = PBXBuildFile; fileRef = 481DC8271FA9D67400E7A0D7 /* iOSQuizUITests.swift */; };
/* End PBXBuildFile section */

/* Begin PBXContainerItemProxy section */
		481DC8191FA9D67300E7A0D7 /* PBXContainerItemProxy */ = {
			isa = PBXContainerItemProxy;
			containerPortal = 481DC7FC1FA9D67300E7A0D7 /* Project object */;
			proxyType = 1;
			remoteGlobalIDString = 481DC8031FA9D67300E7A0D7;
			remoteInfo = iOSQuiz;
		};
		481DC8241FA9D67400E7A0D7 /* PBXContainerItemProxy */ = {
			isa = PBXContainerItemProxy;
			containerPortal = 481DC7FC1FA9D67300E7A0D7 /* Project object */;
			proxyType = 1;
			remoteGlobalIDString = 481DC8031FA9D67300E7A0D7;
			remoteInfo = iOSQuiz;
		};
/* End PBXContainerItemProxy section */

/* Begin PBXFileReference section */
		481DC8041FA9D67300E7A0D7 /* iOSQuiz.app */ = {isa = PBXFileReference; explicitFileType = wrapper.application; includeInIndex = 0; path = iOSQuiz.app; sourceTree = BUILT_PRODUCTS_DIR; };
		481DC8071FA9D67300E7A0D7 /* AppDelegate.swift */ = {isa = PBXFileReference; lastKnownFileType = sourcecode.swift; path = AppDelegate.swift; sourceTree = "<group>"; };
		481DC8091FA9D67300E7A0D7 /* ViewController.swift */ = {isa = PBXFileReference; lastKnownFileType = sourcecode.swift; path = ViewController.swift; sourceTree = "<group>"; };
		481DC80C1FA9D67300E7A0D7 /* Base */ = {isa = PBXFileReference; lastKnownFileType = file.storyboard; name = Base; path = Base.lproj/Main.storyboard; sourceTree = "<group>"; };
		481DC80E1FA9D67300E7A0D7 /* Assets.xcassets */ = {isa = PBXFileReference; lastKnownFileType = folder.assetcatalog; path = Assets.xcassets; sourceTree = "<group>"; };
		481DC8111FA9D67300E7A0D7 /* Base */ = {isa = PBXFileReference; lastKnownFileType = file.storyboard; name = Base; path = Base.lproj/LaunchScreen.storyboard; sourceTree = "<group>"; };
		481DC8131FA9D67300E7A0D7 /* Info.plist */ = {isa = PBXFileReference; lastKnownFileType = text.plist.xml; path = Info.plist; sourceTree = "<group>"; };
		481DC8181FA9D67300E7A0D7 /* iOSQuizTests.xctest */ = {isa = PBXFileReference; explicitFileType = wrapper.cfbundle; includeInIndex = 0; path = iOSQuizTests.xctest; sourceTree = BUILT_PRODUCTS_DIR; };
		481DC81C1FA9D67300E7A0D7 /* iOSQuizTests.swift */ = {isa = PBXFileReference; lastKnownFileType = sourcecode.swift; path = iOSQuizTests.swift; sourceTree = "<group>"; };
		481DC81E1FA9D67300E7A0D7 /* Info.plist */ = {isa = PBXFileReference; lastKnownFileType = text.plist.xml; path = Info.plist; sourceTree = "<group>"; };
		481DC8231FA9D67400E7A0D7 /* iOSQuizUITests.xctest */ = {isa = PBXFileReference; explicitFileType = wrapper.cfbundle; includeInIndex = 0; path = iOSQuizUITests.xctest; sourceTree = BUILT_PRODUCTS_DIR; };
		481DC8271FA9D67400E7A0D7 /* iOSQuizUITests.swift */ = {isa = PBXFileReference; lastKnownFileType = sourcecode.swift; path = iOSQuizUITests.swift; sourceTree = "<group>"; };
		481DC8291FA9D67400E7A0D7 /* Info.plist */ = {isa = PBXFileReference; lastKnownFileType = text.plist.xml; path = Info.plist; sourceTree = "<group>"; };
/* End PBXFileReference section */

/* Begin PBXFrameworksBuildPhase section */
		481DC8011FA9D67300E7A0D7 /* Frameworks */ = {
			isa = PBXFrameworksBuildPhase;
			buildActionMask = 2147483647;
			files = (
			);
			runOnlyForDeploymentPostprocessing = 0;
		};
		481DC8151FA9D67300E7A0D7 /* Frameworks */ = {
			isa = PBXFrameworksBuildPhase;
			buildActionMask = 2147483647;
			files = (
			);
			runOnlyForDeploymentPostprocessing = 0;
		};
		481DC8201FA9D67400E7A0D7 /* Frameworks */ = {
			isa = PBXFrameworksBuildPhase;
			buildActionMask = 2147483647;
			files = (
			);
			runOnlyForDeploymentPostprocessing = 0;
		};
/* End PBXFrameworksBuildPhase section */

/* Begin PBXGroup section */
		481DC7FB1FA9D67300E7A0D7 = {
			isa = PBXGroup;
			children = (
				481DC8061FA9D67300E7A0D7 /* iOSQuiz */,
				481DC81B1FA9D67300E7A0D7 /* iOSQuizTests */,
				481DC8261FA9D67400E7A0D7 /* iOSQuizUITests */,
				481DC8051FA9D67300E7A0D7 /* Products */,
			);
			sourceTree = "<group>";
		};
		481DC8051FA9D67300E7A0D7 /* Products */ = {
			isa = PBXGroup;
			children = (
				481DC8041FA9D67300E7A0D7 /* iOSQuiz.app */,
				481DC8181FA9D67300E7A0D7 /* iOSQuizTests.xctest */,
				481DC8231FA9D67400E7A0D7 /* iOSQuizUITests.xctest */,
			);
			name = Products;
			sourceTree = "<group>";
		};
		481DC8061FA9D67300E7A0D7 /* iOSQuiz */ = {
			isa = PBXGroup;
			children = (
				481DC8071FA9D67300E7A0D7 /* AppDelegate.swift */,
				481DC8091FA9D67300E7A0D7 /* ViewController.swift */,
				481DC80B1FA9D67300E7A0D7 /* Main.storyboard */,
				481DC80E1FA9D67300E7A0D7 /* Assets.xcassets */,
				481DC8101FA9D67300E7A0D7 /* LaunchScreen.storyboard */,
				481DC8131FA9D67300E7A0D7 /* Info.plist */,
			);
			path = iOSQuiz;
			sourceTree = "<group>";
		};
		481DC81B1FA9D67300E7A0D7 /* iOSQuizTests */ = {
			isa = PBXGroup;
			children = (
				481DC81C1FA9D67300E7A0D7 /* iOSQuizTests.swift */,
				481DC81E1FA9D67300E7A0D7 /* Info.plist */,
			);
			path = iOSQuizTests;
			sourceTree = "<group>";
		};
		481DC8261FA9D67400E7A0D7 /* iOSQuizUITests */ = {
			isa = PBXGroup;
			children = (
				481DC8271FA9D67400E7A0D7 /* iOSQuizUITests.swift */,
				481DC8291FA9D67400E7A0D7 /* Info.plist */,
			);
			path = iOSQuizUITests;
			sourceTree = "<group>";
		};
/* End PBXGroup section */

/* Begin PBXNativeTarget section */
		481DC8031FA9D67300E7A0D7 /* iOSQuiz */ = {
			isa = PBXNativeTarget;
			buildConfigurationList = 481DC82C1FA9D67400E7A0D7 /* Build configuration list for PBXNativeTarget "iOSQuiz" */;
			buildPhases = (
				481DC8001FA9D67300E7A0D7 /* Sources */,
				481DC8011FA9D67300E7A0D7 /* Frameworks */,
				481DC8021FA9D67300E7A0D7 /* Resources */,
			);
			buildRules = (
			);
			dependencies = (
			);
			name = iOSQuiz;
			productName = iOSQuiz;
			productReference = 481DC8041FA9D67300E7A0D7 /* iOSQuiz.app */;
			productType = "com.apple.product-type.application";
		};
		481DC8171FA9D67300E7A0D7 /* iOSQuizTests */ = {
			isa = PBXNativeTarget;
			buildConfigurationList = 481DC82F1FA9D67400E7A0D7 /* Build configuration list for PBXNativeTarget "iOSQuizTests" */;
			buildPhases = (
				481DC8141FA9D67300E7A0D7 /* Sources */,
				481DC8151FA9D67300E7A0D7 /* Frameworks */,
				481DC8161FA9D67300E7A0D7 /* Resources */,
			);
			buildRules = (
			);
			dependencies = (
				481DC81A1FA9D67300E7A0D7 /* PBXTargetDependency */,
			);
			name = iOSQuizTests;
			productName = iOSQuizTests;
			productReference = 481DC8181FA9D67300E7A0D7 /* iOSQuizTests.xctest */;
			productType = "com.apple.product-type.bundle.unit-test";
		};
		481DC8221FA9D67400E7A0D7 /* iOSQuizUITests */ = {
			isa = PBXNativeTarget;
			buildConfigurationList = 481DC8321FA9D67400E7A0D7 /* Build configuration list for PBXNativeTarget "iOSQuizUITests" */;
			buildPhases = (
				481DC81F1FA9D67400E7A0D7 /* Sources */,
				481DC8201FA9D67400E7A0D7 /* Frameworks */,
				481DC8211FA9D67400E7A0D7 /* Resources */,
			);
			buildRules = (
			);
			dependencies = (
				481DC8251FA9D67400E7A0D7 /* PBXTargetDependency */,
			);
			name = iOSQuizUITests;
			productName = iOSQuizUITests;
			productReference = 481DC8231FA9D67400E7A0D7 /* iOSQuizUITests.xctest */;
			productType = "com.apple.product-type.bundle.ui-testing";
		};
/* End PBXNativeTarget section */

/* Begin PBXProject section */
		481DC7FC1FA9D67300E7A0D7 /* Project object */ = {
			isa = PBXProject;
			attributes = {
				LastSwiftUpdateCheck = 0910;
				LastUpgradeCheck = 0910;
				ORGANIZATIONNAME = "Jared K";
				TargetAttributes = {
					481DC8031FA9D67300E7A0D7 = {
						CreatedOnToolsVersion = 9.1;
						ProvisioningStyle = Automatic;
					};
					481DC8171FA9D67300E7A0D7 = {
						CreatedOnToolsVersion = 9.1;
						ProvisioningStyle = Automatic;
						TestTargetID = 481DC8031FA9D67300E7A0D7;
					};
					481DC8221FA9D67400E7A0D7 = {
						CreatedOnToolsVersion = 9.1;
						ProvisioningStyle = Automatic;
						TestTargetID = 481DC8031FA9D67300E7A0D7;
					};
				};
			};
			buildConfigurationList = 481DC7FF1FA9D67300E7A0D7 /* Build configuration list for PBXProject "iOSQuiz" */;
			compatibilityVersion = "Xcode 8.0";
			developmentRegion = en;
			hasScannedForEncodings = 0;
			knownRegions = (
				en,
				Base,
			);
			mainGroup = 481DC7FB1FA9D67300E7A0D7;
			productRefGroup = 481DC8051FA9D67300E7A0D7 /* Products */;
			projectDirPath = "";
			projectRoot = "";
			targets = (
				481DC8031FA9D67300E7A0D7 /* iOSQuiz */,
				481DC8171FA9D67300E7A0D7 /* iOSQuizTests */,
				481DC8221FA9D67400E7A0D7 /* iOSQuizUITests */,
			);
		};
/* End PBXProject section */

/* Begin PBXResourcesBuildPhase section */
		481DC8021FA9D67300E7A0D7 /* Resources */ = {
			isa = PBXResourcesBuildPhase;
			buildActionMask = 2147483647;
			files = (
				481DC8121FA9D67300E7A0D7 /* LaunchScreen.storyboard in Resources */,
				481DC80F1FA9D67300E7A0D7 /* Assets.xcassets in Resources */,
				481DC80D1FA9D67300E7A0D7 /* Main.storyboard in Resources */,
			);
			runOnlyForDeploymentPostprocessing = 0;
		};
		481DC8161FA9D67300E7A0D7 /* Resources */ = {
			isa = PBXResourcesBuildPhase;
			buildActionMask = 2147483647;
			files = (
			);
			runOnlyForDeploymentPostprocessing = 0;
		};
		481DC8211FA9D67400E7A0D7 /* Resources */ = {
			isa = PBXResourcesBuildPhase;
			buildActionMask = 2147483647;
			files = (
			);
			runOnlyForDeploymentPostprocessing = 0;
		};
/* End PBXResourcesBuildPhase section */

/* Begin PBXSourcesBuildPhase section */
		481DC8001FA9D67300E7A0D7 /* Sources */ = {
			isa = PBXSourcesBuildPhase;
			buildActionMask = 2147483647;
			files = (
				481DC80A1FA9D67300E7A0D7 /* ViewController.swift in Sources */,
				481DC8081FA9D67300E7A0D7 /* AppDelegate.swift in Sources */,
			);
			runOnlyForDeploymentPostprocessing = 0;
		};
		481DC8141FA9D67300E7A0D7 /* Sources */ = {
			isa = PBXSourcesBuildPhase;
			buildActionMask = 2147483647;
			files = (
				481DC81D1FA9D67300E7A0D7 /* iOSQuizTests.swift in Sources */,
			);
			runOnlyForDeploymentPostprocessing = 0;
		};
		481DC81F1FA9D67400E7A0D7 /* Sources */ = {
			isa = PBXSourcesBuildPhase;
			buildActionMask = 2147483647;
			files = (
				481DC8281FA9D67400E7A0D7 /* iOSQuizUITests.swift in Sources */,
			);
			runOnlyForDeploymentPostprocessing = 0;
		};
/* End PBXSourcesBuildPhase section */

/* Begin PBXTargetDependency section */
		481DC81A1FA9D67300E7A0D7 /* PBXTargetDependency */ = {
			isa = PBXTargetDependency;
			target = 481DC8031FA9D67300E7A0D7 /* iOSQuiz */;
			targetProxy = 481DC8191FA9D67300E7A0D7 /* PBXContainerItemProxy */;
		};
		481DC8251FA9D67400E7A0D7 /* PBXTargetDependency */ = {
			isa = PBXTargetDependency;
			target = 481DC8031FA9D67300E7A0D7 /* iOSQuiz */;
			targetProxy = 481DC8241FA9D67400E7A0D7 /* PBXContainerItemProxy */;
		};
/* End PBXTargetDependency section */

/* Begin PBXVariantGroup section */
		481DC80B1FA9D67300E7A0D7 /* Main.storyboard */ = {
			isa = PBXVariantGroup;
			children = (
				481DC80C1FA9D67300E7A0D7 /* Base */,
			);
			name = Main.storyboard;
			sourceTree = "<group>";
		};
		481DC8101FA9D67300E7A0D7 /* LaunchScreen.storyboard */ = {
			isa = PBXVariantGroup;
			children = (
				481DC8111FA9D67300E7A0D7 /* Base */,
			);
			name = LaunchScreen.storyboard;
			sourceTree = "<group>";
		};
/* End PBXVariantGroup section */

/* Begin XCBuildConfiguration section */
		481DC82A1FA9D67400E7A0D7 /* Debug */ = {
			isa = XCBuildConfiguration;
			buildSettings = {
				ALWAYS_SEARCH_USER_PATHS = NO;
				CLANG_ANALYZER_NONNULL = YES;
				CLANG_ANALYZER_NUMBER_OBJECT_CONVERSION = YES_AGGRESSIVE;
				CLANG_CXX_LANGUAGE_STANDARD = "gnu++14";
				CLANG_CXX_LIBRARY = "libc++";
				CLANG_ENABLE_MODULES = YES;
				CLANG_ENABLE_OBJC_ARC = YES;
				CLANG_WARN_BLOCK_CAPTURE_AUTORELEASING = YES;
				CLANG_WARN_BOOL_CONVERSION = YES;
				CLANG_WARN_COMMA = YES;
				CLANG_WARN_CONSTANT_CONVERSION = YES;
				CLANG_WARN_DIRECT_OBJC_ISA_USAGE = YES_ERROR;
				CLANG_WARN_DOCUMENTATION_COMMENTS = YES;
				CLANG_WARN_EMPTY_BODY = YES;
				CLANG_WARN_ENUM_CONVERSION = YES;
				CLANG_WARN_INFINITE_RECURSION = YES;
				CLANG_WARN_INT_CONVERSION = YES;
				CLANG_WARN_NON_LITERAL_NULL_CONVERSION = YES;
				CLANG_WARN_OBJC_LITERAL_CONVERSION = YES;
				CLANG_WARN_OBJC_ROOT_CLASS = YES_ERROR;
				CLANG_WARN_RANGE_LOOP_ANALYSIS = YES;
				CLANG_WARN_STRICT_PROTOTYPES = YES;
				CLANG_WARN_SUSPICIOUS_MOVE = YES;
				CLANG_WARN_UNGUARDED_AVAILABILITY = YES_AGGRESSIVE;
				CLANG_WARN_UNREACHABLE_CODE = YES;
				CLANG_WARN__DUPLICATE_METHOD_MATCH = YES;
				CODE_SIGN_IDENTITY = "iPhone Developer";
				COPY_PHASE_STRIP = NO;
				DEBUG_INFORMATION_FORMAT = dwarf;
				ENABLE_STRICT_OBJC_MSGSEND = YES;
				ENABLE_TESTABILITY = YES;
				GCC_C_LANGUAGE_STANDARD = gnu11;
				GCC_DYNAMIC_NO_PIC = NO;
				GCC_NO_COMMON_BLOCKS = YES;
				GCC_OPTIMIZATION_LEVEL = 0;
				GCC_PREPROCESSOR_DEFINITIONS = (
					"DEBUG=1",
					"$(inherited)",
				);
				GCC_WARN_64_TO_32_BIT_CONVERSION = YES;
				GCC_WARN_ABOUT_RETURN_TYPE = YES_ERROR;
				GCC_WARN_UNDECLARED_SELECTOR = YES;
				GCC_WARN_UNINITIALIZED_AUTOS = YES_AGGRESSIVE;
				GCC_WARN_UNUSED_FUNCTION = YES;
				GCC_WARN_UNUSED_VARIABLE = YES;
				IPHONEOS_DEPLOYMENT_TARGET = 11.1;
				MTL_ENABLE_DEBUG_INFO = YES;
				ONLY_ACTIVE_ARCH = YES;
				SDKROOT = iphoneos;
				SWIFT_ACTIVE_COMPILATION_CONDITIONS = DEBUG;
				SWIFT_OPTIMIZATION_LEVEL = "-Onone";
			};
			name = Debug;
		};
		481DC82B1FA9D67400E7A0D7 /* Release */ = {
			isa = XCBuildConfiguration;
			buildSettings = {
				ALWAYS_SEARCH_USER_PATHS = NO;
				CLANG_ANALYZER_NONNULL = YES;
				CLANG_ANALYZER_NUMBER_OBJECT_CONVERSION = YES_AGGRESSIVE;
				CLANG_CXX_LANGUAGE_STANDARD = "gnu++14";
				CLANG_CXX_LIBRARY = "libc++";
				CLANG_ENABLE_MODULES = YES;
				CLANG_ENABLE_OBJC_ARC = YES;
				CLANG_WARN_BLOCK_CAPTURE_AUTORELEASING = YES;
				CLANG_WARN_BOOL_CONVERSION = YES;
				CLANG_WARN_COMMA = YES;
				CLANG_WARN_CONSTANT_CONVERSION = YES;
				CLANG_WARN_DIRECT_OBJC_ISA_USAGE = YES_ERROR;
				CLANG_WARN_DOCUMENTATION_COMMENTS = YES;
				CLANG_WARN_EMPTY_BODY = YES;
				CLANG_WARN_ENUM_CONVERSION = YES;
				CLANG_WARN_INFINITE_RECURSION = YES;
				CLANG_WARN_INT_CONVERSION = YES;
				CLANG_WARN_NON_LITERAL_NULL_CONVERSION = YES;
				CLANG_WARN_OBJC_LITERAL_CONVERSION = YES;
				CLANG_WARN_OBJC_ROOT_CLASS = YES_ERROR;
				CLANG_WARN_RANGE_LOOP_ANALYSIS = YES;
				CLANG_WARN_STRICT_PROTOTYPES = YES;
				CLANG_WARN_SUSPICIOUS_MOVE = YES;
				CLANG_WARN_UNGUARDED_AVAILABILITY = YES_AGGRESSIVE;
				CLANG_WARN_UNREACHABLE_CODE = YES;
				CLANG_WARN__DUPLICATE_METHOD_MATCH = YES;
				CODE_SIGN_IDENTITY = "iPhone Developer";
				COPY_PHASE_STRIP = NO;
				DEBUG_INFORMATION_FORMAT = "dwarf-with-dsym";
				ENABLE_NS_ASSERTIONS = NO;
				ENABLE_STRICT_OBJC_MSGSEND = YES;
				GCC_C_LANGUAGE_STANDARD = gnu11;
				GCC_NO_COMMON_BLOCKS = YES;
				GCC_WARN_64_TO_32_BIT_CONVERSION = YES;
				GCC_WARN_ABOUT_RETURN_TYPE = YES_ERROR;
				GCC_WARN_UNDECLARED_SELECTOR = YES;
				GCC_WARN_UNINITIALIZED_AUTOS = YES_AGGRESSIVE;
				GCC_WARN_UNUSED_FUNCTION = YES;
				GCC_WARN_UNUSED_VARIABLE = YES;
				IPHONEOS_DEPLOYMENT_TARGET = 11.1;
				MTL_ENABLE_DEBUG_INFO = NO;
				SDKROOT = iphoneos;
				SWIFT_OPTIMIZATION_LEVEL = "-Owholemodule";
				VALIDATE_PRODUCT = YES;
			};
			name = Release;
		};
		481DC82D1FA9D67400E7A0D7 /* Debug */ = {
			isa = XCBuildConfiguration;
			buildSettings = {
				ASSETCATALOG_COMPILER_APPICON_NAME = AppIcon;
				CODE_SIGN_STYLE = Automatic;
				DEVELOPMENT_TEAM = UQA5S4Z2Z9;
				INFOPLIST_FILE = iOSQuiz/Info.plist;
				LD_RUNPATH_SEARCH_PATHS = "$(inherited) @executable_path/Frameworks";
				PRODUCT_BUNDLE_IDENTIFIER = CodingDojo.iOSQuiz;
				PRODUCT_NAME = "$(TARGET_NAME)";
				SWIFT_VERSION = 4.0;
				TARGETED_DEVICE_FAMILY = "1,2";
			};
			name = Debug;
		};
		481DC82E1FA9D67400E7A0D7 /* Release */ = {
			isa = XCBuildConfiguration;
			buildSettings = {
				ASSETCATALOG_COMPILER_APPICON_NAME = AppIcon;
				CODE_SIGN_STYLE = Automatic;
				DEVELOPMENT_TEAM = UQA5S4Z2Z9;
				INFOPLIST_FILE = iOSQuiz/Info.plist;
				LD_RUNPATH_SEARCH_PATHS = "$(inherited) @executable_path/Frameworks";
				PRODUCT_BUNDLE_IDENTIFIER = CodingDojo.iOSQuiz;
				PRODUCT_NAME = "$(TARGET_NAME)";
				SWIFT_VERSION = 4.0;
				TARGETED_DEVICE_FAMILY = "1,2";
			};
			name = Release;
		};
		481DC8301FA9D67400E7A0D7 /* Debug */ = {
			isa = XCBuildConfiguration;
			buildSettings = {
				ALWAYS_EMBED_SWIFT_STANDARD_LIBRARIES = YES;
				BUNDLE_LOADER = "$(TEST_HOST)";
				CODE_SIGN_STYLE = Automatic;
				INFOPLIST_FILE = iOSQuizTests/Info.plist;
				LD_RUNPATH_SEARCH_PATHS = "$(inherited) @executable_path/Frameworks @loader_path/Frameworks";
				PRODUCT_BUNDLE_IDENTIFIER = CodingDojo.iOSQuizTests;
				PRODUCT_NAME = "$(TARGET_NAME)";
				SWIFT_VERSION = 4.0;
				TARGETED_DEVICE_FAMILY = "1,2";
				TEST_HOST = "$(BUILT_PRODUCTS_DIR)/iOSQuiz.app/iOSQuiz";
			};
			name = Debug;
		};
		481DC8311FA9D67400E7A0D7 /* Release */ = {
			isa = XCBuildConfiguration;
			buildSettings = {
				ALWAYS_EMBED_SWIFT_STANDARD_LIBRARIES = YES;
				BUNDLE_LOADER = "$(TEST_HOST)";
				CODE_SIGN_STYLE = Automatic;
				INFOPLIST_FILE = iOSQuizTests/Info.plist;
				LD_RUNPATH_SEARCH_PATHS = "$(inherited) @executable_path/Frameworks @loader_path/Frameworks";
				PRODUCT_BUNDLE_IDENTIFIER = CodingDojo.iOSQuizTests;
				PRODUCT_NAME = "$(TARGET_NAME)";
				SWIFT_VERSION = 4.0;
				TARGETED_DEVICE_FAMILY = "1,2";
				TEST_HOST = "$(BUILT_PRODUCTS_DIR)/iOSQuiz.app/iOSQuiz";
			};
			name = Release;
		};
		481DC8331FA9D67400E7A0D7 /* Debug */ = {
			isa = XCBuildConfiguration;
			buildSettings = {
				ALWAYS_EMBED_SWIFT_STANDARD_LIBRARIES = YES;
				CODE_SIGN_STYLE = Automatic;
				INFOPLIST_FILE = iOSQuizUITests/Info.plist;
				LD_RUNPATH_SEARCH_PATHS = "$(inherited) @executable_path/Frameworks @loader_path/Frameworks";
				PRODUCT_BUNDLE_IDENTIFIER = CodingDojo.iOSQuizUITests;
				PRODUCT_NAME = "$(TARGET_NAME)";
				SWIFT_VERSION = 4.0;
				TARGETED_DEVICE_FAMILY = "1,2";
				TEST_TARGET_NAME = iOSQuiz;
			};
			name = Debug;
		};
		481DC8341FA9D67400E7A0D7 /* Release */ = {
			isa = XCBuildConfiguration;
			buildSettings = {
				ALWAYS_EMBED_SWIFT_STANDARD_LIBRARIES = YES;
				CODE_SIGN_STYLE = Automatic;
				INFOPLIST_FILE = iOSQuizUITests/Info.plist;
				LD_RUNPATH_SEARCH_PATHS = "$(inherited) @executable_path/Frameworks @loader_path/Frameworks";
				PRODUCT_BUNDLE_IDENTIFIER = CodingDojo.iOSQuizUITests;
				PRODUCT_NAME = "$(TARGET_NAME)";
				SWIFT_VERSION = 4.0;
				TARGETED_DEVICE_FAMILY = "1,2";
				TEST_TARGET_NAME = iOSQuiz;
			};
			name = Release;
		};
/* End XCBuildConfiguration section */

/* Begin XCConfigurationList section */
		481DC7FF1FA9D67300E7A0D7 /* Build configuration list for PBXProject "iOSQuiz" */ = {
			isa = XCConfigurationList;
			buildConfigurations = (
				481DC82A1FA9D67400E7A0D7 /* Debug */,
				481DC82B1FA9D67400E7A0D7 /* Release */,
			);
			defaultConfigurationIsVisible = 0;
			defaultConfigurationName = Release;
		};
		481DC82C1FA9D67400E7A0D7 /* Build configuration list for PBXNativeTarget "iOSQuiz" */ = {
			isa = XCConfigurationList;
			buildConfigurations = (
				481DC82D1FA9D67400E7A0D7 /* Debug */,
				481DC82E1FA9D67400E7A0D7 /* Release */,
			);
			defaultConfigurationIsVisible = 0;
			defaultConfigurationName = Release;
		};
		481DC82F1FA9D67400E7A0D7 /* Build configuration list for PBXNativeTarget "iOSQuizTests" */ = {
			isa = XCConfigurationList;
			buildConfigurations = (
				481DC8301FA9D67400E7A0D7 /* Debug */,
				481DC8311FA9D67400E7A0D7 /* Release */,
			);
			defaultConfigurationIsVisible = 0;
			defaultConfigurationName = Release;
		};
		481DC8321FA9D67400E7A0D7 /* Build configuration list for PBXNativeTarget "iOSQuizUITests" */ = {
			isa = XCConfigurationList;
			buildConfigurations = (
				481DC8331FA9D67400E7A0D7 /* Debug */,
				481DC8341FA9D67400E7A0D7 /* Release */,
			);
			defaultConfigurationIsVisible = 0;
			defaultConfigurationName = Release;
		};
/* End XCConfigurationList section */
	};
	rootObject = 481DC7FC1FA9D67300E7A0D7 /* Project object */;
}
